
Microsoft Visual Studio Solution File, Format Version 12.00
# Visual Studio Version 17
VisualStudioVersion = 17.0.31903.59
MinimumVisualStudioVersion = 10.0.40219.1
Project("{888888A0-9F3D-457C-B088-3A5042F75D52}") = "Object tracking", "Object tracking\Object tracking.pyproj", "{E386A387-99E1-4EB6-9240-D5973CAC30DB}"
EndProject
Global
	GlobalSection(SolutionConfigurationPlatforms) = preSolution
		Debug|Any CPU = Debug|Any CPU
		Release|Any CPU = Release|Any CPU
	EndGlobalSection
	GlobalSection(ProjectConfigurationPlatforms) = postSolution
		{E386A387-99E1-4EB6-9240-D5973CAC30DB}.Debug|Any CPU.ActiveCfg = Debug|Any CPU
		{E386A387-99E1-4EB6-9240-D5973CAC30DB}.Release|Any CPU.ActiveCfg = Release|Any CPU
	EndGlobalSection
	GlobalSection(SolutionProperties) = preSolution
		HideSolutionNode = FALSE
	EndGlobalSection
	GlobalSection(ExtensibilityGlobals) = postSolution
		SolutionGuid = {5F591112-DC54-40A4-9ABF-812414AA8F07}
	EndGlobalSection
EndGlobal
